
Microsoft Visual Studio Solution File, Format Version 12.00
Project("{2150E333-8FDC-42A3-9474-1A3956D46DE8}") = "src", "src", "{8D5E19DE-26C6-48BE-A7D5-F1353BA85F72}"
EndProject
Project("{2150E333-8FDC-42A3-9474-1A3956D46DE8}") = "Core", "Core", "{85876372-8F1E-4B15-99AE-9D92A46B1AAC}"
EndProject
Project("{FAE04EC0-301F-11D3-BF4B-00C04F79EFBC}") = "Core", "src\Core\Core\Core.csproj", "{679E0928-89E6-4E37-9997-E94BCD1543DF}"
EndProject
Project("{FAE04EC0-301F-11D3-BF4B-00C04F79EFBC}") = "Infrastructure", "src\Core\Infrastructure\Infrastructure.csproj", "{78EC43AB-7E6B-4898-93B2-FC924210BA35}"
EndProject
Project("{2150E333-8FDC-42A3-9474-1A3956D46DE8}") = "Services", "Services", "{8ED9E961-2FA0-4F54-A3D7-D7EF6A387EE5}"
EndProject
Project("{2150E333-8FDC-42A3-9474-1A3956D46DE8}") = "Todo", "Todo", "{3C624E60-BA39-47B3-8147-374AEE6E7E06}"
EndProject
Project("{FAE04EC0-301F-11D3-BF4B-00C04F79EFBC}") = "Todo", "src\Services\Todo\Todo\Todo.csproj", "{B331B02F-601C-4C13-8B9E-240E173F275D}"
EndProject
Project("{2150E333-8FDC-42A3-9474-1A3956D46DE8}") = "Shared", "Shared", "{2B3FCF3B-3ACC-4982-AE0D-339956881F5F}"
EndProject
Project("{FAE04EC0-301F-11D3-BF4B-00C04F79EFBC}") = "Shared", "src\Services\Shared\Shared.csproj", "{8BFB47B2-5B31-4632-9CE1-E2D0C0E4372C}"
EndProject
Project("{FAE04EC0-301F-11D3-BF4B-00C04F79EFBC}") = "Server", "src\Server\Server.csproj", "{5083DB37-ECB6-4309-BD13-BD2FCB6E22E9}"
EndProject
Project("{2150E333-8FDC-42A3-9474-1A3956D46DE8}") = "Catalog", "Catalog", "{52BB0973-1EC7-4D4E-9E92-E9E5897AEBC2}"
EndProject
Project("{FAE04EC0-301F-11D3-BF4B-00C04F79EFBC}") = "Catalog.Domain", "src\Services\Catalog\Catalog.Domain\Catalog.Domain.csproj", "{BCD92E65-0399-4F36-8FCD-A3645B8899C5}"
EndProject
Project("{FAE04EC0-301F-11D3-BF4B-00C04F79EFBC}") = "Catalog.Application", "src\Services\Catalog\Catalog.Application\Catalog.Application.csproj", "{8D420ECB-DCEA-4286-B998-072A7EC88A95}"
EndProject
Project("{FAE04EC0-301F-11D3-BF4B-00C04F79EFBC}") = "Catalog.Infrastructure", "src\Services\Catalog\Catalog.Infrastructure\Catalog.Infrastructure.csproj", "{59814D20-D2D7-4226-9F71-DCC34A2CF09B}"
EndProject
Global
	GlobalSection(SolutionConfigurationPlatforms) = preSolution
		Debug|Any CPU = Debug|Any CPU
		Release|Any CPU = Release|Any CPU
	EndGlobalSection
	GlobalSection(NestedProjects) = preSolution
		{85876372-8F1E-4B15-99AE-9D92A46B1AAC} = {8D5E19DE-26C6-48BE-A7D5-F1353BA85F72}
		{679E0928-89E6-4E37-9997-E94BCD1543DF} = {85876372-8F1E-4B15-99AE-9D92A46B1AAC}
		{78EC43AB-7E6B-4898-93B2-FC924210BA35} = {85876372-8F1E-4B15-99AE-9D92A46B1AAC}
		{8ED9E961-2FA0-4F54-A3D7-D7EF6A387EE5} = {8D5E19DE-26C6-48BE-A7D5-F1353BA85F72}
		{3C624E60-BA39-47B3-8147-374AEE6E7E06} = {8ED9E961-2FA0-4F54-A3D7-D7EF6A387EE5}
		{B331B02F-601C-4C13-8B9E-240E173F275D} = {3C624E60-BA39-47B3-8147-374AEE6E7E06}
		{2B3FCF3B-3ACC-4982-AE0D-339956881F5F} = {8ED9E961-2FA0-4F54-A3D7-D7EF6A387EE5}
		{8BFB47B2-5B31-4632-9CE1-E2D0C0E4372C} = {2B3FCF3B-3ACC-4982-AE0D-339956881F5F}
		{5083DB37-ECB6-4309-BD13-BD2FCB6E22E9} = {8D5E19DE-26C6-48BE-A7D5-F1353BA85F72}
		{52BB0973-1EC7-4D4E-9E92-E9E5897AEBC2} = {8ED9E961-2FA0-4F54-A3D7-D7EF6A387EE5}
		{BCD92E65-0399-4F36-8FCD-A3645B8899C5} = {52BB0973-1EC7-4D4E-9E92-E9E5897AEBC2}
		{8D420ECB-DCEA-4286-B998-072A7EC88A95} = {52BB0973-1EC7-4D4E-9E92-E9E5897AEBC2}
		{59814D20-D2D7-4226-9F71-DCC34A2CF09B} = {52BB0973-1EC7-4D4E-9E92-E9E5897AEBC2}
	EndGlobalSection
	GlobalSection(ProjectConfigurationPlatforms) = postSolution
		{679E0928-89E6-4E37-9997-E94BCD1543DF}.Debug|Any CPU.ActiveCfg = Debug|Any CPU
		{679E0928-89E6-4E37-9997-E94BCD1543DF}.Debug|Any CPU.Build.0 = Debug|Any CPU
		{679E0928-89E6-4E37-9997-E94BCD1543DF}.Release|Any CPU.ActiveCfg = Release|Any CPU
		{679E0928-89E6-4E37-9997-E94BCD1543DF}.Release|Any CPU.Build.0 = Release|Any CPU
		{78EC43AB-7E6B-4898-93B2-FC924210BA35}.Debug|Any CPU.ActiveCfg = Debug|Any CPU
		{78EC43AB-7E6B-4898-93B2-FC924210BA35}.Debug|Any CPU.Build.0 = Debug|Any CPU
		{78EC43AB-7E6B-4898-93B2-FC924210BA35}.Release|Any CPU.ActiveCfg = Release|Any CPU
		{78EC43AB-7E6B-4898-93B2-FC924210BA35}.Release|Any CPU.Build.0 = Release|Any CPU
		{B331B02F-601C-4C13-8B9E-240E173F275D}.Debug|Any CPU.ActiveCfg = Debug|Any CPU
		{B331B02F-601C-4C13-8B9E-240E173F275D}.Debug|Any CPU.Build.0 = Debug|Any CPU
		{B331B02F-601C-4C13-8B9E-240E173F275D}.Release|Any CPU.ActiveCfg = Release|Any CPU
		{B331B02F-601C-4C13-8B9E-240E173F275D}.Release|Any CPU.Build.0 = Release|Any CPU
		{8BFB47B2-5B31-4632-9CE1-E2D0C0E4372C}.Debug|Any CPU.ActiveCfg = Debug|Any CPU
		{8BFB47B2-5B31-4632-9CE1-E2D0C0E4372C}.Debug|Any CPU.Build.0 = Debug|Any CPU
		{8BFB47B2-5B31-4632-9CE1-E2D0C0E4372C}.Release|Any CPU.ActiveCfg = Release|Any CPU
		{8BFB47B2-5B31-4632-9CE1-E2D0C0E4372C}.Release|Any CPU.Build.0 = Release|Any CPU
		{5083DB37-ECB6-4309-BD13-BD2FCB6E22E9}.Debug|Any CPU.ActiveCfg = Debug|Any CPU
		{5083DB37-ECB6-4309-BD13-BD2FCB6E22E9}.Debug|Any CPU.Build.0 = Debug|Any CPU
		{5083DB37-ECB6-4309-BD13-BD2FCB6E22E9}.Release|Any CPU.ActiveCfg = Release|Any CPU
		{5083DB37-ECB6-4309-BD13-BD2FCB6E22E9}.Release|Any CPU.Build.0 = Release|Any CPU
		{BCD92E65-0399-4F36-8FCD-A3645B8899C5}.Debug|Any CPU.ActiveCfg = Debug|Any CPU
		{BCD92E65-0399-4F36-8FCD-A3645B8899C5}.Debug|Any CPU.Build.0 = Debug|Any CPU
		{BCD92E65-0399-4F36-8FCD-A3645B8899C5}.Release|Any CPU.ActiveCfg = Release|Any CPU
		{BCD92E65-0399-4F36-8FCD-A3645B8899C5}.Release|Any CPU.Build.0 = Release|Any CPU
		{8D420ECB-DCEA-4286-B998-072A7EC88A95}.Debug|Any CPU.ActiveCfg = Debug|Any CPU
		{8D420ECB-DCEA-4286-B998-072A7EC88A95}.Debug|Any CPU.Build.0 = Debug|Any CPU
		{8D420ECB-DCEA-4286-B998-072A7EC88A95}.Release|Any CPU.ActiveCfg = Release|Any CPU
		{8D420ECB-DCEA-4286-B998-072A7EC88A95}.Release|Any CPU.Build.0 = Release|Any CPU
		{59814D20-D2D7-4226-9F71-DCC34A2CF09B}.Debug|Any CPU.ActiveCfg = Debug|Any CPU
		{59814D20-D2D7-4226-9F71-DCC34A2CF09B}.Debug|Any CPU.Build.0 = Debug|Any CPU
		{59814D20-D2D7-4226-9F71-DCC34A2CF09B}.Release|Any CPU.ActiveCfg = Release|Any CPU
		{59814D20-D2D7-4226-9F71-DCC34A2CF09B}.Release|Any CPU.Build.0 = Release|Any CPU
	EndGlobalSection
EndGlobal
